
Microsoft Visual Studio Solution File, Format Version 12.00
# Visual Studio 15
VisualStudioVersion = 15.0.28010.2041
MinimumVisualStudioVersion = 10.0.40219.1
Project("{8BC9CEB8-8B4A-11D0-8D11-00A0C91BC942}") = "TestMseServer", "TestMseServer\TestMseServer.vcxproj", "{429E5B7B-521C-4C69-8FE8-65722F330A79}"
EndProject
Project("{E24C65DC-7377-472B-9ABA-BC803B73C61A}") = "TestWeb(1)", "TestWeb\", "{2C687E72-301D-4960-A6EA-6B6116C1020C}"
	ProjectSection(WebsiteProperties) = preProject
		TargetFrameworkMoniker = ".NETFramework,Version%3Dv4.6.1"
		Debug.AspNetCompiler.VirtualPath = "/localhost_60534"
		Debug.AspNetCompiler.PhysicalPath = "TestWeb\"
		Debug.AspNetCompiler.TargetPath = "PrecompiledWeb\localhost_60534\"
		Debug.AspNetCompiler.Updateable = "true"
		Debug.AspNetCompiler.ForceOverwrite = "true"
		Debug.AspNetCompiler.FixedNames = "false"
		Debug.AspNetCompiler.Debug = "True"
		Release.AspNetCompiler.VirtualPath = "/localhost_60534"
		Release.AspNetCompiler.PhysicalPath = "TestWeb\"
		Release.AspNetCompiler.TargetPath = "PrecompiledWeb\localhost_60534\"
		Release.AspNetCompiler.Updateable = "true"
		Release.AspNetCompiler.ForceOverwrite = "true"
		Release.AspNetCompiler.FixedNames = "false"
		Release.AspNetCompiler.Debug = "False"
		VWDPort = "60534"
		SlnRelativePath = "TestWeb\"
		DefaultWebSiteLanguage = "Visual C#"
	EndProjectSection
EndProject
Global
	GlobalSection(SolutionConfigurationPlatforms) = preSolution
		Debug|Any CPU = Debug|Any CPU
		Debug|x64 = Debug|x64
		Debug|x86 = Debug|x86
		Release|Any CPU = Release|Any CPU
		Release|x64 = Release|x64
		Release|x86 = Release|x86
	EndGlobalSection
	GlobalSection(ProjectConfigurationPlatforms) = postSolution
		{429E5B7B-521C-4C69-8FE8-65722F330A79}.Debug|Any CPU.ActiveCfg = Debug|Win32
		{429E5B7B-521C-4C69-8FE8-65722F330A79}.Debug|x64.ActiveCfg = Debug|x64
		{429E5B7B-521C-4C69-8FE8-65722F330A79}.Debug|x64.Build.0 = Debug|x64
		{429E5B7B-521C-4C69-8FE8-65722F330A79}.Debug|x86.ActiveCfg = Debug|Win32
		{429E5B7B-521C-4C69-8FE8-65722F330A79}.Debug|x86.Build.0 = Debug|Win32
		{429E5B7B-521C-4C69-8FE8-65722F330A79}.Release|Any CPU.ActiveCfg = Release|Win32
		{429E5B7B-521C-4C69-8FE8-65722F330A79}.Release|x64.ActiveCfg = Release|x64
		{429E5B7B-521C-4C69-8FE8-65722F330A79}.Release|x64.Build.0 = Release|x64
		{429E5B7B-521C-4C69-8FE8-65722F330A79}.Release|x86.ActiveCfg = Release|Win32
		{429E5B7B-521C-4C69-8FE8-65722F330A79}.Release|x86.Build.0 = Release|Win32
		{2C687E72-301D-4960-A6EA-6B6116C1020C}.Debug|Any CPU.ActiveCfg = Debug|Any CPU
		{2C687E72-301D-4960-A6EA-6B6116C1020C}.Debug|Any CPU.Build.0 = Debug|Any CPU
		{2C687E72-301D-4960-A6EA-6B6116C1020C}.Debug|x64.ActiveCfg = Debug|Any CPU
		{2C687E72-301D-4960-A6EA-6B6116C1020C}.Debug|x64.Build.0 = Debug|Any CPU
		{2C687E72-301D-4960-A6EA-6B6116C1020C}.Debug|x86.ActiveCfg = Debug|Any CPU
		{2C687E72-301D-4960-A6EA-6B6116C1020C}.Debug|x86.Build.0 = Debug|Any CPU
		{2C687E72-301D-4960-A6EA-6B6116C1020C}.Release|Any CPU.ActiveCfg = Debug|Any CPU
		{2C687E72-301D-4960-A6EA-6B6116C1020C}.Release|Any CPU.Build.0 = Debug|Any CPU
		{2C687E72-301D-4960-A6EA-6B6116C1020C}.Release|x64.ActiveCfg = Debug|Any CPU
		{2C687E72-301D-4960-A6EA-6B6116C1020C}.Release|x64.Build.0 = Debug|Any CPU
		{2C687E72-301D-4960-A6EA-6B6116C1020C}.Release|x86.ActiveCfg = Debug|Any CPU
		{2C687E72-301D-4960-A6EA-6B6116C1020C}.Release|x86.Build.0 = Debug|Any CPU
	EndGlobalSection
	GlobalSection(SolutionProperties) = preSolution
		HideSolutionNode = FALSE
	EndGlobalSection
	GlobalSection(ExtensibilityGlobals) = postSolution
		SolutionGuid = {20ED87A6-A95C-445D-9371-D0F9ABCEC5EA}
	EndGlobalSection
EndGlobal
