<?xml version="1.0" encoding="utf-8"?>
<Project ToolsVersion="4.0" xmlns="http://schemas.microsoft.com/developer/msbuild/2003">
  <ItemGroup>
    <Filter Include="源文件">
      <UniqueIdentifier>{4FC737F1-C7A5-4376-A066-2A32D752A2FF}</UniqueIdentifier>
      <Extensions>cpp;c;cc;cxx;def;odl;idl;hpj;bat;asm;asmx</Extensions>
    </Filter>
    <Filter Include="资源文件">
      <UniqueIdentifier>{67DA6AB6-F800-4c08-8B7A-83BB121AAD01}</UniqueIdentifier>
      <Extensions>rc;ico;cur;bmp;dlg;rc2;rct;bin;rgs;gif;jpg;jpeg;jpe;resx;tiff;tif;png;wav;mfcribbon-ms</Extensions>
    </Filter>
    <Filter Include="源文件\Network">
      <UniqueIdentifier>{c98e496b-7f8b-4a61-b088-bc64628cb367}</UniqueIdentifier>
    </Filter>
    <Filter Include="源文件\Network\EPOLL">
      <UniqueIdentifier>{1deaec18-8a1b-44e4-b868-784215d6942b}</UniqueIdentifier>
    </Filter>
    <Filter Include="源文件\Network\IOCP">
      <UniqueIdentifier>{b5c05167-dfa8-4c53-91e0-ab4cc748d189}</UniqueIdentifier>
    </Filter>
    <Filter Include="源文件\cm">
      <UniqueIdentifier>{079dc2b3-e3e2-4154-a06f-742ca9997b78}</UniqueIdentifier>
    </Filter>
    <Filter Include="源文件\WebSocket">
      <UniqueIdentifier>{84ee8ac3-7b6c-4832-a451-292e2aef8c4f}</UniqueIdentifier>
    </Filter>
    <Filter Include="源文件\utility">
      <UniqueIdentifier>{a99a6e5f-d099-4850-b184-9189a397281f}</UniqueIdentifier>
    </Filter>
  </ItemGroup>
  <ItemGroup>
    <ClCompile Include="TestMseServer.cpp">
      <Filter>源文件</Filter>
    </ClCompile>
    <ClCompile Include="Network\EPOLL\EPollModel.cpp">
      <Filter>源文件\Network\EPOLL</Filter>
    </ClCompile>
    <ClCompile Include="Network\EPOLL\EPollPerSocketContext.cpp">
      <Filter>源文件\Network\EPOLL</Filter>
    </ClCompile>
    <ClCompile Include="Network\IOCP\IOCPModel.cpp">
      <Filter>源文件\Network\IOCP</Filter>
    </ClCompile>
    <ClCompile Include="Network\IOCP\PerSocketContext.cpp">
      <Filter>源文件\Network\IOCP</Filter>
    </ClCompile>
    <ClCompile Include="Network\ServerModelInterface.cpp">
      <Filter>源文件\Network</Filter>
    </ClCompile>
    <ClCompile Include="cm\cm_colorspace_convert.cpp">
      <Filter>源文件\cm</Filter>
    </ClCompile>
    <ClCompile Include="cm\cm_socket.cpp">
      <Filter>源文件\cm</Filter>
    </ClCompile>
    <ClCompile Include="cm\cm_string_coding.cpp">
      <Filter>源文件\cm</Filter>
    </ClCompile>
    <ClCompile Include="cm\cm_thread.cpp">
      <Filter>源文件\cm</Filter>
    </ClCompile>
    <ClCompile Include="cm\cm_thread_critical_region.cpp">
      <Filter>源文件\cm</Filter>
    </ClCompile>
    <ClCompile Include="cm\cm_time.cpp">
      <Filter>源文件\cm</Filter>
    </ClCompile>
    <ClCompile Include="cm\cm_win32thread.cpp">
      <Filter>源文件\cm</Filter>
    </ClCompile>
    <ClCompile Include="MseServer.cpp">
      <Filter>源文件</Filter>
    </ClCompile>
    <ClCompile Include="WebSocket\WebSocketProtocol.cpp">
      <Filter>源文件\WebSocket</Filter>
    </ClCompile>
    <ClCompile Include="utility\SHA1.cpp">
      <Filter>源文件\utility</Filter>
    </ClCompile>
    <ClCompile Include="utility\Base64.cpp">
      <Filter>源文件\utility</Filter>
    </ClCompile>
  </ItemGroup>
  <ItemGroup>
    <ClInclude Include="Network\EPOLL\EPollModel.h">
      <Filter>源文件\Network\EPOLL</Filter>
    </ClInclude>
    <ClInclude Include="Network\EPOLL\EPollPerSocketContext.h">
      <Filter>源文件\Network\EPOLL</Filter>
    </ClInclude>
    <ClInclude Include="Network\IOCP\IOCPModel.h">
      <Filter>源文件\Network\IOCP</Filter>
    </ClInclude>
    <ClInclude Include="Network\IOCP\PerSocketContext.h">
      <Filter>源文件\Network\IOCP</Filter>
    </ClInclude>
    <ClInclude Include="Network\ServerModelInterface.h">
      <Filter>源文件\Network</Filter>
    </ClInclude>
    <ClInclude Include="cm\cm_colorspace_convert.h">
      <Filter>源文件\cm</Filter>
    </ClInclude>
    <ClInclude Include="cm\cm_socket.h">
      <Filter>源文件\cm</Filter>
    </ClInclude>
    <ClInclude Include="cm\cm_string_coding.h">
      <Filter>源文件\cm</Filter>
    </ClInclude>
    <ClInclude Include="cm\cm_thread.h">
      <Filter>源文件\cm</Filter>
    </ClInclude>
    <ClInclude Include="cm\cm_thread_critical_region.h">
      <Filter>源文件\cm</Filter>
    </ClInclude>
    <ClInclude Include="cm\cm_time.h">
      <Filter>源文件\cm</Filter>
    </ClInclude>
    <ClInclude Include="cm\cm_type.h">
      <Filter>源文件\cm</Filter>
    </ClInclude>
    <ClInclude Include="cm\cm_win32thread.h">
      <Filter>源文件\cm</Filter>
    </ClInclude>
    <ClInclude Include="MseServer.h">
      <Filter>源文件</Filter>
    </ClInclude>
    <ClInclude Include="WebSocket\WebSocketProtocol.h">
      <Filter>源文件\WebSocket</Filter>
    </ClInclude>
    <ClInclude Include="utility\SHA1.h">
      <Filter>源文件\utility</Filter>
    </ClInclude>
    <ClInclude Include="utility\Base64.h">
      <Filter>源文件\utility</Filter>
    </ClInclude>
  </ItemGroup>
  <ItemGroup>
    <None Include="cm\cm_object_pool">
      <Filter>源文件\cm</Filter>
    </None>
  </ItemGroup>
</Project>